// !$*UTF8*$!
{
	archiveVersion = 1;
	classes = {
	};
	objectVersion = 56;
	objects = {

/* Begin PBXBuildFile section */
		B0ED4CAB2B723EB0002BBB33 /* AppDelegate.swift in Sources */ = {isa = PBXBuildFile; fileRef = B0ED4CAA2B723EB0002BBB33 /* AppDelegate.swift */; };
		B0ED4CAD2B723EB0002BBB33 /* SceneDelegate.swift in Sources */ = {isa = PBXBuildFile; fileRef = B0ED4CAC2B723EB0002BBB33 /* SceneDelegate.swift */; };
		B0ED4CAF2B723EB0002BBB33 /* ViewController.swift in Sources */ = {isa = PBXBuildFile; fileRef = B0ED4CAE2B723EB0002BBB33 /* ViewController.swift */; };
		B0ED4CB72B723EB1002BBB33 /* LaunchScreen.storyboard in Resources */ = {isa = PBXBuildFile; fileRef = B0ED4CB52B723EB1002BBB33 /* LaunchScreen.storyboard */; };
		B0ED4CBF2B73AC14002BBB33 /* Assets.xcassets in Resources */ = {isa = PBXBuildFile; fileRef = B0ED4CBE2B73AC13002BBB33 /* Assets.xcassets */; };
		B0ED4CC92B73AE11002BBB33 /* UISugar.swift in Sources */ = {isa = PBXBuildFile; fileRef = B0ED4CC72B73AE11002BBB33 /* UISugar.swift */; };
		B0ED4CCA2B73AE11002BBB33 /* Utils.swift in Sources */ = {isa = PBXBuildFile; fileRef = B0ED4CC82B73AE11002BBB33 /* Utils.swift */; };
		B0ED4CCD2B73B13B002BBB33 /* UIImage.swift in Sources */ = {isa = PBXBuildFile; fileRef = B0ED4CCC2B73B13B002BBB33 /* UIImage.swift */; };
		B0ED4CCF2B73B194002BBB33 /* PhotoCell.swift in Sources */ = {isa = PBXBuildFile; fileRef = B0ED4CCE2B73B194002BBB33 /* PhotoCell.swift */; };
		B0ED4CD12B73B7F1002BBB33 /* ZoomedPhotoViewController.swift in Sources */ = {isa = PBXBuildFile; fileRef = B0ED4CD02B73B7F1002BBB33 /* ZoomedPhotoViewController.swift */; };
/* End PBXBuildFile section */

/* Begin PBXFileReference section */
		B0ED4CA72B723EB0002BBB33 /* PhotoScroll.app */ = {isa = PBXFileReference; explicitFileType = wrapper.application; includeInIndex = 0; path = PhotoScroll.app; sourceTree = BUILT_PRODUCTS_DIR; };
		B0ED4CAA2B723EB0002BBB33 /* AppDelegate.swift */ = {isa = PBXFileReference; lastKnownFileType = sourcecode.swift; path = AppDelegate.swift; sourceTree = "<group>"; };
		B0ED4CAC2B723EB0002BBB33 /* SceneDelegate.swift */ = {isa = PBXFileReference; lastKnownFileType = sourcecode.swift; path = SceneDelegate.swift; sourceTree = "<group>"; };
		B0ED4CAE2B723EB0002BBB33 /* ViewController.swift */ = {isa = PBXFileReference; lastKnownFileType = sourcecode.swift; path = ViewController.swift; sourceTree = "<group>"; };
		B0ED4CB62B723EB1002BBB33 /* Base */ = {isa = PBXFileReference; lastKnownFileType = file.storyboard; name = Base; path = Base.lproj/LaunchScreen.storyboard; sourceTree = "<group>"; };
		B0ED4CB82B723EB1002BBB33 /* Info.plist */ = {isa = PBXFileReference; lastKnownFileType = text.plist.xml; path = Info.plist; sourceTree = "<group>"; };
		B0ED4CBE2B73AC13002BBB33 /* Assets.xcassets */ = {isa = PBXFileReference; lastKnownFileType = folder.assetcatalog; name = Assets.xcassets; path = "../../../Swift-30-Projects/Project 09 - PhotoScroll/PhotoScroll/Assets.xcassets"; sourceTree = "<group>"; };
		B0ED4CC72B73AE11002BBB33 /* UISugar.swift */ = {isa = PBXFileReference; fileEncoding = 4; lastKnownFileType = sourcecode.swift; path = UISugar.swift; sourceTree = "<group>"; };
		B0ED4CC82B73AE11002BBB33 /* Utils.swift */ = {isa = PBXFileReference; fileEncoding = 4; lastKnownFileType = sourcecode.swift; path = Utils.swift; sourceTree = "<group>"; };
		B0ED4CCC2B73B13B002BBB33 /* UIImage.swift */ = {isa = PBXFileReference; lastKnownFileType = sourcecode.swift; path = UIImage.swift; sourceTree = "<group>"; };
		B0ED4CCE2B73B194002BBB33 /* PhotoCell.swift */ = {isa = PBXFileReference; lastKnownFileType = sourcecode.swift; path = PhotoCell.swift; sourceTree = "<group>"; };
		B0ED4CD02B73B7F1002BBB33 /* ZoomedPhotoViewController.swift */ = {isa = PBXFileReference; lastKnownFileType = sourcecode.swift; path = ZoomedPhotoViewController.swift; sourceTree = "<group>"; };
/* End PBXFileReference section */

/* Begin PBXFrameworksBuildPhase section */
		B0ED4CA42B723EB0002BBB33 /* Frameworks */ = {
			isa = PBXFrameworksBuildPhase;
			buildActionMask = 2147483647;
			files = (
			);
			runOnlyForDeploymentPostprocessing = 0;
		};
/* End PBXFrameworksBuildPhase section */

/* Begin PBXGroup section */
		B0ED4C9E2B723EB0002BBB33 = {
			isa = PBXGroup;
			children = (
				B0ED4CA92B723EB0002BBB33 /* PhotoScroll */,
				B0ED4CA82B723EB0002BBB33 /* Products */,
			);
			sourceTree = "<group>";
		};
		B0ED4CA82B723EB0002BBB33 /* Products */ = {
			isa = PBXGroup;
			children = (
				B0ED4CA72B723EB0002BBB33 /* PhotoScroll.app */,
			);
			name = Products;
			sourceTree = "<group>";
		};
		B0ED4CA92B723EB0002BBB33 /* PhotoScroll */ = {
			isa = PBXGroup;
			children = (
				B0ED4CCB2B73B114002BBB33 /* View */,
				B0ED4CC62B73AE11002BBB33 /* Utility */,
				B0ED4CAA2B723EB0002BBB33 /* AppDelegate.swift */,
				B0ED4CAC2B723EB0002BBB33 /* SceneDelegate.swift */,
				B0ED4CAE2B723EB0002BBB33 /* ViewController.swift */,
				B0ED4CBE2B73AC13002BBB33 /* Assets.xcassets */,
				B0ED4CB52B723EB1002BBB33 /* LaunchScreen.storyboard */,
				B0ED4CB82B723EB1002BBB33 /* Info.plist */,
				B0ED4CD02B73B7F1002BBB33 /* ZoomedPhotoViewController.swift */,
			);
			path = PhotoScroll;
			sourceTree = "<group>";
		};
		B0ED4CC62B73AE11002BBB33 /* Utility */ = {
			isa = PBXGroup;
			children = (
				B0ED4CC72B73AE11002BBB33 /* UISugar.swift */,
				B0ED4CC82B73AE11002BBB33 /* Utils.swift */,
				B0ED4CCC2B73B13B002BBB33 /* UIImage.swift */,
			);
			name = Utility;
			path = ../../StopWatch/StopWatch/Utility;
			sourceTree = "<group>";
		};
		B0ED4CCB2B73B114002BBB33 /* View */ = {
			isa = PBXGroup;
			children = (
				B0ED4CCE2B73B194002BBB33 /* PhotoCell.swift */,
			);
			path = View;
			sourceTree = "<group>";
		};
/* End PBXGroup section */

/* Begin PBXNativeTarget section */
		B0ED4CA62B723EB0002BBB33 /* PhotoScroll */ = {
			isa = PBXNativeTarget;
			buildConfigurationList = B0ED4CBB2B723EB1002BBB33 /* Build configuration list for PBXNativeTarget "PhotoScroll" */;
			buildPhases = (
				B0ED4CA32B723EB0002BBB33 /* Sources */,
				B0ED4CA42B723EB0002BBB33 /* Frameworks */,
				B0ED4CA52B723EB0002BBB33 /* Resources */,
			);
			buildRules = (
			);
			dependencies = (
			);
			name = PhotoScroll;
			productName = PhotoScroll;
			productReference = B0ED4CA72B723EB0002BBB33 /* PhotoScroll.app */;
			productType = "com.apple.product-type.application";
		};
/* End PBXNativeTarget section */

/* Begin PBXProject section */
		B0ED4C9F2B723EB0002BBB33 /* Project object */ = {
			isa = PBXProject;
			attributes = {
				BuildIndependentTargetsInParallel = 1;
				LastSwiftUpdateCheck = 1500;
				LastUpgradeCheck = 1500;
				TargetAttributes = {
					B0ED4CA62B723EB0002BBB33 = {
						CreatedOnToolsVersion = 15.0;
					};
				};
			};
			buildConfigurationList = B0ED4CA22B723EB0002BBB33 /* Build configuration list for PBXProject "PhotoScroll" */;
			compatibilityVersion = "Xcode 14.0";
			developmentRegion = en;
			hasScannedForEncodings = 0;
			knownRegions = (
				en,
				Base,
			);
			mainGroup = B0ED4C9E2B723EB0002BBB33;
			productRefGroup = B0ED4CA82B723EB0002BBB33 /* Products */;
			projectDirPath = "";
			projectRoot = "";
			targets = (
				B0ED4CA62B723EB0002BBB33 /* PhotoScroll */,
			);
		};
/* End PBXProject section */

/* Begin PBXResourcesBuildPhase section */
		B0ED4CA52B723EB0002BBB33 /* Resources */ = {
			isa = PBXResourcesBuildPhase;
			buildActionMask = 2147483647;
			files = (
				B0ED4CB72B723EB1002BBB33 /* LaunchScreen.storyboard in Resources */,
				B0ED4CBF2B73AC14002BBB33 /* Assets.xcassets in Resources */,
			);
			runOnlyForDeploymentPostprocessing = 0;
		};
/* End PBXResourcesBuildPhase section */

/* Begin PBXSourcesBuildPhase section */
		B0ED4CA32B723EB0002BBB33 /* Sources */ = {
			isa = PBXSourcesBuildPhase;
			buildActionMask = 2147483647;
			files = (
				B0ED4CCF2B73B194002BBB33 /* PhotoCell.swift in Sources */,
				B0ED4CD12B73B7F1002BBB33 /* ZoomedPhotoViewController.swift in Sources */,
				B0ED4CCA2B73AE11002BBB33 /* Utils.swift in Sources */,
				B0ED4CC92B73AE11002BBB33 /* UISugar.swift in Sources */,
				B0ED4CAF2B723EB0002BBB33 /* ViewController.swift in Sources */,
				B0ED4CCD2B73B13B002BBB33 /* UIImage.swift in Sources */,
				B0ED4CAB2B723EB0002BBB33 /* AppDelegate.swift in Sources */,
				B0ED4CAD2B723EB0002BBB33 /* SceneDelegate.swift in Sources */,
			);
			runOnlyForDeploymentPostprocessing = 0;
		};
/* End PBXSourcesBuildPhase section */

/* Begin PBXVariantGroup section */
		B0ED4CB52B723EB1002BBB33 /* LaunchScreen.storyboard */ = {
			isa = PBXVariantGroup;
			children = (
				B0ED4CB62B723EB1002BBB33 /* Base */,
			);
			name = LaunchScreen.storyboard;
			sourceTree = "<group>";
		};
/* End PBXVariantGroup section */

/* Begin XCBuildConfiguration section */
		B0ED4CB92B723EB1002BBB33 /* Debug */ = {
			isa = XCBuildConfiguration;
			buildSettings = {
				ALWAYS_SEARCH_USER_PATHS = NO;
				ASSETCATALOG_COMPILER_GENERATE_SWIFT_ASSET_SYMBOL_EXTENSIONS = YES;
				CLANG_ANALYZER_NONNULL = YES;
				CLANG_ANALYZER_NUMBER_OBJECT_CONVERSION = YES_AGGRESSIVE;
				CLANG_CXX_LANGUAGE_STANDARD = "gnu++20";
				CLANG_ENABLE_MODULES = YES;
				CLANG_ENABLE_OBJC_ARC = YES;
				CLANG_ENABLE_OBJC_WEAK = YES;
				CLANG_WARN_BLOCK_CAPTURE_AUTORELEASING = YES;
				CLANG_WARN_BOOL_CONVERSION = YES;
				CLANG_WARN_COMMA = YES;
				CLANG_WARN_CONSTANT_CONVERSION = YES;
				CLANG_WARN_DEPRECATED_OBJC_IMPLEMENTATIONS = YES;
				CLANG_WARN_DIRECT_OBJC_ISA_USAGE = YES_ERROR;
				CLANG_WARN_DOCUMENTATION_COMMENTS = YES;
				CLANG_WARN_EMPTY_BODY = YES;
				CLANG_WARN_ENUM_CONVERSION = YES;
				CLANG_WARN_INFINITE_RECURSION = YES;
				CLANG_WARN_INT_CONVERSION = YES;
				CLANG_WARN_NON_LITERAL_NULL_CONVERSION = YES;
				CLANG_WARN_OBJC_IMPLICIT_RETAIN_SELF = YES;
				CLANG_WARN_OBJC_LITERAL_CONVERSION = YES;
				CLANG_WARN_OBJC_ROOT_CLASS = YES_ERROR;
				CLANG_WARN_QUOTED_INCLUDE_IN_FRAMEWORK_HEADER = YES;
				CLANG_WARN_RANGE_LOOP_ANALYSIS = YES;
				CLANG_WARN_STRICT_PROTOTYPES = YES;
				CLANG_WARN_SUSPICIOUS_MOVE = YES;
				CLANG_WARN_UNGUARDED_AVAILABILITY = YES_AGGRESSIVE;
				CLANG_WARN_UNREACHABLE_CODE = YES;
				CLANG_WARN__DUPLICATE_METHOD_MATCH = YES;
				COPY_PHASE_STRIP = NO;
				DEBUG_INFORMATION_FORMAT = dwarf;
				ENABLE_STRICT_OBJC_MSGSEND = YES;
				ENABLE_TESTABILITY = YES;
				ENABLE_USER_SCRIPT_SANDBOXING = YES;
				GCC_C_LANGUAGE_STANDARD = gnu17;
				GCC_DYNAMIC_NO_PIC = NO;
				GCC_NO_COMMON_BLOCKS = YES;
				GCC_OPTIMIZATION_LEVEL = 0;
				GCC_PREPROCESSOR_DEFINITIONS = (
					"DEBUG=1",
					"$(inherited)",
				);
				GCC_WARN_64_TO_32_BIT_CONVERSION = YES;
				GCC_WARN_ABOUT_RETURN_TYPE = YES_ERROR;
				GCC_WARN_UNDECLARED_SELECTOR = YES;
				GCC_WARN_UNINITIALIZED_AUTOS = YES_AGGRESSIVE;
				GCC_WARN_UNUSED_FUNCTION = YES;
				GCC_WARN_UNUSED_VARIABLE = YES;
				IPHONEOS_DEPLOYMENT_TARGET = 17.0;
				LOCALIZATION_PREFERS_STRING_CATALOGS = YES;
				MTL_ENABLE_DEBUG_INFO = INCLUDE_SOURCE;
				MTL_FAST_MATH = YES;
				ONLY_ACTIVE_ARCH = YES;
				SDKROOT = iphoneos;
				SWIFT_ACTIVE_COMPILATION_CONDITIONS = "DEBUG $(inherited)";
				SWIFT_OPTIMIZATION_LEVEL = "-Onone";
			};
			name = Debug;
		};
		B0ED4CBA2B723EB1002BBB33 /* Release */ = {
			isa = XCBuildConfiguration;
			buildSettings = {
				ALWAYS_SEARCH_USER_PATHS = NO;
				ASSETCATALOG_COMPILER_GENERATE_SWIFT_ASSET_SYMBOL_EXTENSIONS = YES;
				CLANG_ANALYZER_NONNULL = YES;
				CLANG_ANALYZER_NUMBER_OBJECT_CONVERSION = YES_AGGRESSIVE;
				CLANG_CXX_LANGUAGE_STANDARD = "gnu++20";
				CLANG_ENABLE_MODULES = YES;
				CLANG_ENABLE_OBJC_ARC = YES;
				CLANG_ENABLE_OBJC_WEAK = YES;
				CLANG_WARN_BLOCK_CAPTURE_AUTORELEASING = YES;
				CLANG_WARN_BOOL_CONVERSION = YES;
				CLANG_WARN_COMMA = YES;
				CLANG_WARN_CONSTANT_CONVERSION = YES;
				CLANG_WARN_DEPRECATED_OBJC_IMPLEMENTATIONS = YES;
				CLANG_WARN_DIRECT_OBJC_ISA_USAGE = YES_ERROR;
				CLANG_WARN_DOCUMENTATION_COMMENTS = YES;
				CLANG_WARN_EMPTY_BODY = YES;
				CLANG_WARN_ENUM_CONVERSION = YES;
				CLANG_WARN_INFINITE_RECURSION = YES;
				CLANG_WARN_INT_CONVERSION = YES;
				CLANG_WARN_NON_LITERAL_NULL_CONVERSION = YES;
				CLANG_WARN_OBJC_IMPLICIT_RETAIN_SELF = YES;
				CLANG_WARN_OBJC_LITERAL_CONVERSION = YES;
				CLANG_WARN_OBJC_ROOT_CLASS = YES_ERROR;
				CLANG_WARN_QUOTED_INCLUDE_IN_FRAMEWORK_HEADER = YES;
				CLANG_WARN_RANGE_LOOP_ANALYSIS = YES;
				CLANG_WARN_STRICT_PROTOTYPES = YES;
				CLANG_WARN_SUSPICIOUS_MOVE = YES;
				CLANG_WARN_UNGUARDED_AVAILABILITY = YES_AGGRESSIVE;
				CLANG_WARN_UNREACHABLE_CODE = YES;
				CLANG_WARN__DUPLICATE_METHOD_MATCH = YES;
				COPY_PHASE_STRIP = NO;
				DEBUG_INFORMATION_FORMAT = "dwarf-with-dsym";
				ENABLE_NS_ASSERTIONS = NO;
				ENABLE_STRICT_OBJC_MSGSEND = YES;
				ENABLE_USER_SCRIPT_SANDBOXING = YES;
				GCC_C_LANGUAGE_STANDARD = gnu17;
				GCC_NO_COMMON_BLOCKS = YES;
				GCC_WARN_64_TO_32_BIT_CONVERSION = YES;
				GCC_WARN_ABOUT_RETURN_TYPE = YES_ERROR;
				GCC_WARN_UNDECLARED_SELECTOR = YES;
				GCC_WARN_UNINITIALIZED_AUTOS = YES_AGGRESSIVE;
				GCC_WARN_UNUSED_FUNCTION = YES;
				GCC_WARN_UNUSED_VARIABLE = YES;
				IPHONEOS_DEPLOYMENT_TARGET = 17.0;
				LOCALIZATION_PREFERS_STRING_CATALOGS = YES;
				MTL_ENABLE_DEBUG_INFO = NO;
				MTL_FAST_MATH = YES;
				SDKROOT = iphoneos;
				SWIFT_COMPILATION_MODE = wholemodule;
				VALIDATE_PRODUCT = YES;
			};
			name = Release;
		};
		B0ED4CBC2B723EB1002BBB33 /* Debug */ = {
			isa = XCBuildConfiguration;
			buildSettings = {
				ASSETCATALOG_COMPILER_APPICON_NAME = AppIcon;
				ASSETCATALOG_COMPILER_GLOBAL_ACCENT_COLOR_NAME = AccentColor;
				CODE_SIGN_STYLE = Automatic;
				CURRENT_PROJECT_VERSION = 1;
				DEVELOPMENT_TEAM = 28NL63HBTJ;
				GENERATE_INFOPLIST_FILE = YES;
				INFOPLIST_FILE = PhotoScroll/Info.plist;
				INFOPLIST_KEY_UIApplicationSupportsIndirectInputEvents = YES;
				INFOPLIST_KEY_UILaunchStoryboardName = LaunchScreen;
				INFOPLIST_KEY_UISupportedInterfaceOrientations_iPad = "UIInterfaceOrientationPortrait UIInterfaceOrientationPortraitUpsideDown UIInterfaceOrientationLandscapeLeft UIInterfaceOrientationLandscapeRight";
				INFOPLIST_KEY_UISupportedInterfaceOrientations_iPhone = "UIInterfaceOrientationPortrait UIInterfaceOrientationLandscapeLeft UIInterfaceOrientationLandscapeRight";
				LD_RUNPATH_SEARCH_PATHS = (
					"$(inherited)",
					"@executable_path/Frameworks",
				);
				MARKETING_VERSION = 1.0;
				PRODUCT_BUNDLE_IDENTIFIER = com.PhotoScroll;
				PRODUCT_NAME = "$(TARGET_NAME)";
				SWIFT_EMIT_LOC_STRINGS = YES;
				SWIFT_VERSION = 5.0;
				TARGETED_DEVICE_FAMILY = "1,2";
			};
			name = Debug;
		};
		B0ED4CBD2B723EB1002BBB33 /* Release */ = {
			isa = XCBuildConfiguration;
			buildSettings = {
				ASSETCATALOG_COMPILER_APPICON_NAME = AppIcon;
				ASSETCATALOG_COMPILER_GLOBAL_ACCENT_COLOR_NAME = AccentColor;
				CODE_SIGN_STYLE = Automatic;
				CURRENT_PROJECT_VERSION = 1;
				DEVELOPMENT_TEAM = 28NL63HBTJ;
				GENERATE_INFOPLIST_FILE = YES;
				INFOPLIST_FILE = PhotoScroll/Info.plist;
				INFOPLIST_KEY_UIApplicationSupportsIndirectInputEvents = YES;
				INFOPLIST_KEY_UILaunchStoryboardName = LaunchScreen;
				INFOPLIST_KEY_UISupportedInterfaceOrientations_iPad = "UIInterfaceOrientationPortrait UIInterfaceOrientationPortraitUpsideDown UIInterfaceOrientationLandscapeLeft UIInterfaceOrientationLandscapeRight";
				INFOPLIST_KEY_UISupportedInterfaceOrientations_iPhone = "UIInterfaceOrientationPortrait UIInterfaceOrientationLandscapeLeft UIInterfaceOrientationLandscapeRight";
				LD_RUNPATH_SEARCH_PATHS = (
					"$(inherited)",
					"@executable_path/Frameworks",
				);
				MARKETING_VERSION = 1.0;
				PRODUCT_BUNDLE_IDENTIFIER = com.PhotoScroll;
				PRODUCT_NAME = "$(TARGET_NAME)";
				SWIFT_EMIT_LOC_STRINGS = YES;
				SWIFT_VERSION = 5.0;
				TARGETED_DEVICE_FAMILY = "1,2";
			};
			name = Release;
		};
/* End XCBuildConfiguration section */

/* Begin XCConfigurationList section */
		B0ED4CA22B723EB0002BBB33 /* Build configuration list for PBXProject "PhotoScroll" */ = {
			isa = XCConfigurationList;
			buildConfigurations = (
				B0ED4CB92B723EB1002BBB33 /* Debug */,
				B0ED4CBA2B723EB1002BBB33 /* Release */,
			);
			defaultConfigurationIsVisible = 0;
			defaultConfigurationName = Release;
		};
		B0ED4CBB2B723EB1002BBB33 /* Build configuration list for PBXNativeTarget "PhotoScroll" */ = {
			isa = XCConfigurationList;
			buildConfigurations = (
				B0ED4CBC2B723EB1002BBB33 /* Debug */,
				B0ED4CBD2B723EB1002BBB33 /* Release */,
			);
			defaultConfigurationIsVisible = 0;
			defaultConfigurationName = Release;
		};
/* End XCConfigurationList section */
	};
	rootObject = B0ED4C9F2B723EB0002BBB33 /* Project object */;
}
