// !$*UTF8*$!
{
	archiveVersion = 1;
	classes = {
	};
	objectVersion = 56;
	objects = {

/* Begin PBXBuildFile section */
		B0ED4C552B708313002BBB33 /* AppDelegate.swift in Sources */ = {isa = PBXBuildFile; fileRef = B0ED4C542B708313002BBB33 /* AppDelegate.swift */; };
		B0ED4C572B708313002BBB33 /* SceneDelegate.swift in Sources */ = {isa = PBXBuildFile; fileRef = B0ED4C562B708313002BBB33 /* SceneDelegate.swift */; };
		B0ED4C592B708313002BBB33 /* ViewController.swift in Sources */ = {isa = PBXBuildFile; fileRef = B0ED4C582B708313002BBB33 /* ViewController.swift */; };
		B0ED4C5E2B708314002BBB33 /* Assets.xcassets in Resources */ = {isa = PBXBuildFile; fileRef = B0ED4C5D2B708314002BBB33 /* Assets.xcassets */; };
		B0ED4C612B708314002BBB33 /* LaunchScreen.storyboard in Resources */ = {isa = PBXBuildFile; fileRef = B0ED4C5F2B708314002BBB33 /* LaunchScreen.storyboard */; };
		B0ED4C6A2B708354002BBB33 /* Utils.swift in Sources */ = {isa = PBXBuildFile; fileRef = B0ED4C692B708354002BBB33 /* Utils.swift */; };
		B0ED4C6C2B708380002BBB33 /* UISugar.swift in Sources */ = {isa = PBXBuildFile; fileRef = B0ED4C6B2B708380002BBB33 /* UISugar.swift */; };
		B0ED4C6E2B708B58002BBB33 /* FBMeUser.swift in Sources */ = {isa = PBXBuildFile; fileRef = B0ED4C6D2B708B58002BBB33 /* FBMeUser.swift */; };
		B0ED4C702B708B77002BBB33 /* TableKeys.swift in Sources */ = {isa = PBXBuildFile; fileRef = B0ED4C6F2B708B77002BBB33 /* TableKeys.swift */; };
		B0ED4C722B708B94002BBB33 /* Specs.swift in Sources */ = {isa = PBXBuildFile; fileRef = B0ED4C712B708B94002BBB33 /* Specs.swift */; };
		B0ED4C742B709661002BBB33 /* FBMeCell.swift in Sources */ = {isa = PBXBuildFile; fileRef = B0ED4C732B709661002BBB33 /* FBMeCell.swift */; };
/* End PBXBuildFile section */

/* Begin PBXFileReference section */
		B0ED4C512B708313002BBB33 /* FacebookMe.app */ = {isa = PBXFileReference; explicitFileType = wrapper.application; includeInIndex = 0; path = FacebookMe.app; sourceTree = BUILT_PRODUCTS_DIR; };
		B0ED4C542B708313002BBB33 /* AppDelegate.swift */ = {isa = PBXFileReference; lastKnownFileType = sourcecode.swift; path = AppDelegate.swift; sourceTree = "<group>"; };
		B0ED4C562B708313002BBB33 /* SceneDelegate.swift */ = {isa = PBXFileReference; lastKnownFileType = sourcecode.swift; path = SceneDelegate.swift; sourceTree = "<group>"; };
		B0ED4C582B708313002BBB33 /* ViewController.swift */ = {isa = PBXFileReference; lastKnownFileType = sourcecode.swift; path = ViewController.swift; sourceTree = "<group>"; };
		B0ED4C5D2B708314002BBB33 /* Assets.xcassets */ = {isa = PBXFileReference; lastKnownFileType = folder.assetcatalog; path = Assets.xcassets; sourceTree = "<group>"; };
		B0ED4C602B708314002BBB33 /* Base */ = {isa = PBXFileReference; lastKnownFileType = file.storyboard; name = Base; path = Base.lproj/LaunchScreen.storyboard; sourceTree = "<group>"; };
		B0ED4C622B708314002BBB33 /* Info.plist */ = {isa = PBXFileReference; lastKnownFileType = text.plist.xml; path = Info.plist; sourceTree = "<group>"; };
		B0ED4C692B708354002BBB33 /* Utils.swift */ = {isa = PBXFileReference; lastKnownFileType = sourcecode.swift; path = Utils.swift; sourceTree = "<group>"; };
		B0ED4C6B2B708380002BBB33 /* UISugar.swift */ = {isa = PBXFileReference; lastKnownFileType = sourcecode.swift; path = UISugar.swift; sourceTree = "<group>"; };
		B0ED4C6D2B708B58002BBB33 /* FBMeUser.swift */ = {isa = PBXFileReference; lastKnownFileType = sourcecode.swift; path = FBMeUser.swift; sourceTree = "<group>"; };
		B0ED4C6F2B708B77002BBB33 /* TableKeys.swift */ = {isa = PBXFileReference; lastKnownFileType = sourcecode.swift; path = TableKeys.swift; sourceTree = "<group>"; };
		B0ED4C712B708B94002BBB33 /* Specs.swift */ = {isa = PBXFileReference; lastKnownFileType = sourcecode.swift; path = Specs.swift; sourceTree = "<group>"; };
		B0ED4C732B709661002BBB33 /* FBMeCell.swift */ = {isa = PBXFileReference; lastKnownFileType = sourcecode.swift; path = FBMeCell.swift; sourceTree = "<group>"; };
/* End PBXFileReference section */

/* Begin PBXFrameworksBuildPhase section */
		B0ED4C4E2B708313002BBB33 /* Frameworks */ = {
			isa = PBXFrameworksBuildPhase;
			buildActionMask = 2147483647;
			files = (
			);
			runOnlyForDeploymentPostprocessing = 0;
		};
/* End PBXFrameworksBuildPhase section */

/* Begin PBXGroup section */
		B0ED4C482B708313002BBB33 = {
			isa = PBXGroup;
			children = (
				B0ED4C532B708313002BBB33 /* FacebookMe */,
				B0ED4C522B708313002BBB33 /* Products */,
			);
			sourceTree = "<group>";
		};
		B0ED4C522B708313002BBB33 /* Products */ = {
			isa = PBXGroup;
			children = (
				B0ED4C512B708313002BBB33 /* FacebookMe.app */,
			);
			name = Products;
			sourceTree = "<group>";
		};
		B0ED4C532B708313002BBB33 /* FacebookMe */ = {
			isa = PBXGroup;
			children = (
				B0ED4C682B70834B002BBB33 /* Utility */,
				B0ED4C542B708313002BBB33 /* AppDelegate.swift */,
				B0ED4C562B708313002BBB33 /* SceneDelegate.swift */,
				B0ED4C582B708313002BBB33 /* ViewController.swift */,
				B0ED4C5D2B708314002BBB33 /* Assets.xcassets */,
				B0ED4C5F2B708314002BBB33 /* LaunchScreen.storyboard */,
				B0ED4C622B708314002BBB33 /* Info.plist */,
				B0ED4C6D2B708B58002BBB33 /* FBMeUser.swift */,
				B0ED4C6F2B708B77002BBB33 /* TableKeys.swift */,
				B0ED4C712B708B94002BBB33 /* Specs.swift */,
				B0ED4C732B709661002BBB33 /* FBMeCell.swift */,
			);
			path = FacebookMe;
			sourceTree = "<group>";
		};
		B0ED4C682B70834B002BBB33 /* Utility */ = {
			isa = PBXGroup;
			children = (
				B0ED4C692B708354002BBB33 /* Utils.swift */,
				B0ED4C6B2B708380002BBB33 /* UISugar.swift */,
			);
			path = Utility;
			sourceTree = "<group>";
		};
/* End PBXGroup section */

/* Begin PBXNativeTarget section */
		B0ED4C502B708313002BBB33 /* FacebookMe */ = {
			isa = PBXNativeTarget;
			buildConfigurationList = B0ED4C652B708314002BBB33 /* Build configuration list for PBXNativeTarget "FacebookMe" */;
			buildPhases = (
				B0ED4C4D2B708313002BBB33 /* Sources */,
				B0ED4C4E2B708313002BBB33 /* Frameworks */,
				B0ED4C4F2B708313002BBB33 /* Resources */,
			);
			buildRules = (
			);
			dependencies = (
			);
			name = FacebookMe;
			productName = FacebookMe;
			productReference = B0ED4C512B708313002BBB33 /* FacebookMe.app */;
			productType = "com.apple.product-type.application";
		};
/* End PBXNativeTarget section */

/* Begin PBXProject section */
		B0ED4C492B708313002BBB33 /* Project object */ = {
			isa = PBXProject;
			attributes = {
				BuildIndependentTargetsInParallel = 1;
				LastSwiftUpdateCheck = 1500;
				LastUpgradeCheck = 1500;
				TargetAttributes = {
					B0ED4C502B708313002BBB33 = {
						CreatedOnToolsVersion = 15.0;
					};
				};
			};
			buildConfigurationList = B0ED4C4C2B708313002BBB33 /* Build configuration list for PBXProject "FacebookMe" */;
			compatibilityVersion = "Xcode 14.0";
			developmentRegion = en;
			hasScannedForEncodings = 0;
			knownRegions = (
				en,
				Base,
			);
			mainGroup = B0ED4C482B708313002BBB33;
			productRefGroup = B0ED4C522B708313002BBB33 /* Products */;
			projectDirPath = "";
			projectRoot = "";
			targets = (
				B0ED4C502B708313002BBB33 /* FacebookMe */,
			);
		};
/* End PBXProject section */

/* Begin PBXResourcesBuildPhase section */
		B0ED4C4F2B708313002BBB33 /* Resources */ = {
			isa = PBXResourcesBuildPhase;
			buildActionMask = 2147483647;
			files = (
				B0ED4C612B708314002BBB33 /* LaunchScreen.storyboard in Resources */,
				B0ED4C5E2B708314002BBB33 /* Assets.xcassets in Resources */,
			);
			runOnlyForDeploymentPostprocessing = 0;
		};
/* End PBXResourcesBuildPhase section */

/* Begin PBXSourcesBuildPhase section */
		B0ED4C4D2B708313002BBB33 /* Sources */ = {
			isa = PBXSourcesBuildPhase;
			buildActionMask = 2147483647;
			files = (
				B0ED4C742B709661002BBB33 /* FBMeCell.swift in Sources */,
				B0ED4C702B708B77002BBB33 /* TableKeys.swift in Sources */,
				B0ED4C592B708313002BBB33 /* ViewController.swift in Sources */,
				B0ED4C552B708313002BBB33 /* AppDelegate.swift in Sources */,
				B0ED4C6E2B708B58002BBB33 /* FBMeUser.swift in Sources */,
				B0ED4C722B708B94002BBB33 /* Specs.swift in Sources */,
				B0ED4C572B708313002BBB33 /* SceneDelegate.swift in Sources */,
				B0ED4C6A2B708354002BBB33 /* Utils.swift in Sources */,
				B0ED4C6C2B708380002BBB33 /* UISugar.swift in Sources */,
			);
			runOnlyForDeploymentPostprocessing = 0;
		};
/* End PBXSourcesBuildPhase section */

/* Begin PBXVariantGroup section */
		B0ED4C5F2B708314002BBB33 /* LaunchScreen.storyboard */ = {
			isa = PBXVariantGroup;
			children = (
				B0ED4C602B708314002BBB33 /* Base */,
			);
			name = LaunchScreen.storyboard;
			sourceTree = "<group>";
		};
/* End PBXVariantGroup section */

/* Begin XCBuildConfiguration section */
		B0ED4C632B708314002BBB33 /* Debug */ = {
			isa = XCBuildConfiguration;
			buildSettings = {
				ALWAYS_SEARCH_USER_PATHS = NO;
				ASSETCATALOG_COMPILER_GENERATE_SWIFT_ASSET_SYMBOL_EXTENSIONS = YES;
				CLANG_ANALYZER_NONNULL = YES;
				CLANG_ANALYZER_NUMBER_OBJECT_CONVERSION = YES_AGGRESSIVE;
				CLANG_CXX_LANGUAGE_STANDARD = "gnu++20";
				CLANG_ENABLE_MODULES = YES;
				CLANG_ENABLE_OBJC_ARC = YES;
				CLANG_ENABLE_OBJC_WEAK = YES;
				CLANG_WARN_BLOCK_CAPTURE_AUTORELEASING = YES;
				CLANG_WARN_BOOL_CONVERSION = YES;
				CLANG_WARN_COMMA = YES;
				CLANG_WARN_CONSTANT_CONVERSION = YES;
				CLANG_WARN_DEPRECATED_OBJC_IMPLEMENTATIONS = YES;
				CLANG_WARN_DIRECT_OBJC_ISA_USAGE = YES_ERROR;
				CLANG_WARN_DOCUMENTATION_COMMENTS = YES;
				CLANG_WARN_EMPTY_BODY = YES;
				CLANG_WARN_ENUM_CONVERSION = YES;
				CLANG_WARN_INFINITE_RECURSION = YES;
				CLANG_WARN_INT_CONVERSION = YES;
				CLANG_WARN_NON_LITERAL_NULL_CONVERSION = YES;
				CLANG_WARN_OBJC_IMPLICIT_RETAIN_SELF = YES;
				CLANG_WARN_OBJC_LITERAL_CONVERSION = YES;
				CLANG_WARN_OBJC_ROOT_CLASS = YES_ERROR;
				CLANG_WARN_QUOTED_INCLUDE_IN_FRAMEWORK_HEADER = YES;
				CLANG_WARN_RANGE_LOOP_ANALYSIS = YES;
				CLANG_WARN_STRICT_PROTOTYPES = YES;
				CLANG_WARN_SUSPICIOUS_MOVE = YES;
				CLANG_WARN_UNGUARDED_AVAILABILITY = YES_AGGRESSIVE;
				CLANG_WARN_UNREACHABLE_CODE = YES;
				CLANG_WARN__DUPLICATE_METHOD_MATCH = YES;
				COPY_PHASE_STRIP = NO;
				DEBUG_INFORMATION_FORMAT = dwarf;
				ENABLE_STRICT_OBJC_MSGSEND = YES;
				ENABLE_TESTABILITY = YES;
				ENABLE_USER_SCRIPT_SANDBOXING = YES;
				GCC_C_LANGUAGE_STANDARD = gnu17;
				GCC_DYNAMIC_NO_PIC = NO;
				GCC_NO_COMMON_BLOCKS = YES;
				GCC_OPTIMIZATION_LEVEL = 0;
				GCC_PREPROCESSOR_DEFINITIONS = (
					"DEBUG=1",
					"$(inherited)",
				);
				GCC_WARN_64_TO_32_BIT_CONVERSION = YES;
				GCC_WARN_ABOUT_RETURN_TYPE = YES_ERROR;
				GCC_WARN_UNDECLARED_SELECTOR = YES;
				GCC_WARN_UNINITIALIZED_AUTOS = YES_AGGRESSIVE;
				GCC_WARN_UNUSED_FUNCTION = YES;
				GCC_WARN_UNUSED_VARIABLE = YES;
				IPHONEOS_DEPLOYMENT_TARGET = 17.0;
				LOCALIZATION_PREFERS_STRING_CATALOGS = YES;
				MTL_ENABLE_DEBUG_INFO = INCLUDE_SOURCE;
				MTL_FAST_MATH = YES;
				ONLY_ACTIVE_ARCH = YES;
				SDKROOT = iphoneos;
				SWIFT_ACTIVE_COMPILATION_CONDITIONS = "DEBUG $(inherited)";
				SWIFT_OPTIMIZATION_LEVEL = "-Onone";
			};
			name = Debug;
		};
		B0ED4C642B708314002BBB33 /* Release */ = {
			isa = XCBuildConfiguration;
			buildSettings = {
				ALWAYS_SEARCH_USER_PATHS = NO;
				ASSETCATALOG_COMPILER_GENERATE_SWIFT_ASSET_SYMBOL_EXTENSIONS = YES;
				CLANG_ANALYZER_NONNULL = YES;
				CLANG_ANALYZER_NUMBER_OBJECT_CONVERSION = YES_AGGRESSIVE;
				CLANG_CXX_LANGUAGE_STANDARD = "gnu++20";
				CLANG_ENABLE_MODULES = YES;
				CLANG_ENABLE_OBJC_ARC = YES;
				CLANG_ENABLE_OBJC_WEAK = YES;
				CLANG_WARN_BLOCK_CAPTURE_AUTORELEASING = YES;
				CLANG_WARN_BOOL_CONVERSION = YES;
				CLANG_WARN_COMMA = YES;
				CLANG_WARN_CONSTANT_CONVERSION = YES;
				CLANG_WARN_DEPRECATED_OBJC_IMPLEMENTATIONS = YES;
				CLANG_WARN_DIRECT_OBJC_ISA_USAGE = YES_ERROR;
				CLANG_WARN_DOCUMENTATION_COMMENTS = YES;
				CLANG_WARN_EMPTY_BODY = YES;
				CLANG_WARN_ENUM_CONVERSION = YES;
				CLANG_WARN_INFINITE_RECURSION = YES;
				CLANG_WARN_INT_CONVERSION = YES;
				CLANG_WARN_NON_LITERAL_NULL_CONVERSION = YES;
				CLANG_WARN_OBJC_IMPLICIT_RETAIN_SELF = YES;
				CLANG_WARN_OBJC_LITERAL_CONVERSION = YES;
				CLANG_WARN_OBJC_ROOT_CLASS = YES_ERROR;
				CLANG_WARN_QUOTED_INCLUDE_IN_FRAMEWORK_HEADER = YES;
				CLANG_WARN_RANGE_LOOP_ANALYSIS = YES;
				CLANG_WARN_STRICT_PROTOTYPES = YES;
				CLANG_WARN_SUSPICIOUS_MOVE = YES;
				CLANG_WARN_UNGUARDED_AVAILABILITY = YES_AGGRESSIVE;
				CLANG_WARN_UNREACHABLE_CODE = YES;
				CLANG_WARN__DUPLICATE_METHOD_MATCH = YES;
				COPY_PHASE_STRIP = NO;
				DEBUG_INFORMATION_FORMAT = "dwarf-with-dsym";
				ENABLE_NS_ASSERTIONS = NO;
				ENABLE_STRICT_OBJC_MSGSEND = YES;
				ENABLE_USER_SCRIPT_SANDBOXING = YES;
				GCC_C_LANGUAGE_STANDARD = gnu17;
				GCC_NO_COMMON_BLOCKS = YES;
				GCC_WARN_64_TO_32_BIT_CONVERSION = YES;
				GCC_WARN_ABOUT_RETURN_TYPE = YES_ERROR;
				GCC_WARN_UNDECLARED_SELECTOR = YES;
				GCC_WARN_UNINITIALIZED_AUTOS = YES_AGGRESSIVE;
				GCC_WARN_UNUSED_FUNCTION = YES;
				GCC_WARN_UNUSED_VARIABLE = YES;
				IPHONEOS_DEPLOYMENT_TARGET = 17.0;
				LOCALIZATION_PREFERS_STRING_CATALOGS = YES;
				MTL_ENABLE_DEBUG_INFO = NO;
				MTL_FAST_MATH = YES;
				SDKROOT = iphoneos;
				SWIFT_COMPILATION_MODE = wholemodule;
				VALIDATE_PRODUCT = YES;
			};
			name = Release;
		};
		B0ED4C662B708314002BBB33 /* Debug */ = {
			isa = XCBuildConfiguration;
			buildSettings = {
				ASSETCATALOG_COMPILER_APPICON_NAME = AppIcon;
				ASSETCATALOG_COMPILER_GLOBAL_ACCENT_COLOR_NAME = AccentColor;
				CODE_SIGN_STYLE = Automatic;
				CURRENT_PROJECT_VERSION = 1;
				DEVELOPMENT_TEAM = 28NL63HBTJ;
				GENERATE_INFOPLIST_FILE = YES;
				INFOPLIST_FILE = FacebookMe/Info.plist;
				INFOPLIST_KEY_UIApplicationSupportsIndirectInputEvents = YES;
				INFOPLIST_KEY_UILaunchStoryboardName = LaunchScreen;
				INFOPLIST_KEY_UISupportedInterfaceOrientations_iPad = "UIInterfaceOrientationPortrait UIInterfaceOrientationPortraitUpsideDown UIInterfaceOrientationLandscapeLeft UIInterfaceOrientationLandscapeRight";
				INFOPLIST_KEY_UISupportedInterfaceOrientations_iPhone = "UIInterfaceOrientationPortrait UIInterfaceOrientationLandscapeLeft UIInterfaceOrientationLandscapeRight";
				LD_RUNPATH_SEARCH_PATHS = (
					"$(inherited)",
					"@executable_path/Frameworks",
				);
				MARKETING_VERSION = 1.0;
				PRODUCT_BUNDLE_IDENTIFIER = com.FacebookMe;
				PRODUCT_NAME = "$(TARGET_NAME)";
				SWIFT_EMIT_LOC_STRINGS = YES;
				SWIFT_VERSION = 5.0;
				TARGETED_DEVICE_FAMILY = "1,2";
			};
			name = Debug;
		};
		B0ED4C672B708314002BBB33 /* Release */ = {
			isa = XCBuildConfiguration;
			buildSettings = {
				ASSETCATALOG_COMPILER_APPICON_NAME = AppIcon;
				ASSETCATALOG_COMPILER_GLOBAL_ACCENT_COLOR_NAME = AccentColor;
				CODE_SIGN_STYLE = Automatic;
				CURRENT_PROJECT_VERSION = 1;
				DEVELOPMENT_TEAM = 28NL63HBTJ;
				GENERATE_INFOPLIST_FILE = YES;
				INFOPLIST_FILE = FacebookMe/Info.plist;
				INFOPLIST_KEY_UIApplicationSupportsIndirectInputEvents = YES;
				INFOPLIST_KEY_UILaunchStoryboardName = LaunchScreen;
				INFOPLIST_KEY_UISupportedInterfaceOrientations_iPad = "UIInterfaceOrientationPortrait UIInterfaceOrientationPortraitUpsideDown UIInterfaceOrientationLandscapeLeft UIInterfaceOrientationLandscapeRight";
				INFOPLIST_KEY_UISupportedInterfaceOrientations_iPhone = "UIInterfaceOrientationPortrait UIInterfaceOrientationLandscapeLeft UIInterfaceOrientationLandscapeRight";
				LD_RUNPATH_SEARCH_PATHS = (
					"$(inherited)",
					"@executable_path/Frameworks",
				);
				MARKETING_VERSION = 1.0;
				PRODUCT_BUNDLE_IDENTIFIER = com.FacebookMe;
				PRODUCT_NAME = "$(TARGET_NAME)";
				SWIFT_EMIT_LOC_STRINGS = YES;
				SWIFT_VERSION = 5.0;
				TARGETED_DEVICE_FAMILY = "1,2";
			};
			name = Release;
		};
/* End XCBuildConfiguration section */

/* Begin XCConfigurationList section */
		B0ED4C4C2B708313002BBB33 /* Build configuration list for PBXProject "FacebookMe" */ = {
			isa = XCConfigurationList;
			buildConfigurations = (
				B0ED4C632B708314002BBB33 /* Debug */,
				B0ED4C642B708314002BBB33 /* Release */,
			);
			defaultConfigurationIsVisible = 0;
			defaultConfigurationName = Release;
		};
		B0ED4C652B708314002BBB33 /* Build configuration list for PBXNativeTarget "FacebookMe" */ = {
			isa = XCConfigurationList;
			buildConfigurations = (
				B0ED4C662B708314002BBB33 /* Debug */,
				B0ED4C672B708314002BBB33 /* Release */,
			);
			defaultConfigurationIsVisible = 0;
			defaultConfigurationName = Release;
		};
/* End XCConfigurationList section */
	};
	rootObject = B0ED4C492B708313002BBB33 /* Project object */;
}
